hash: 3af5749f0b3fb2d2630316e780ac567c0455a67d1fa1221388c46a73bcab39e1
updated: 2016-07-16T08:10:38.111190158+09:00
imports:
- name: github.com/alecthomas/template
  version: a0175ee3bccc567396460bf5acd36800cb10c49c
  subpackages:
  - parse
- name: github.com/alecthomas/units
  version: 2efee857e7cfd4f3d0138cc3cbb1b4966962b93a
- name: github.com/go-sql-driver/mysql
  version: 3654d25ec346ee8ce71a68431025458d52a38ac0
- name: github.com/gocraft/dbr
  version: 516ee9acfef4b1a281674c03cce642090e9cf852
  subpackages:
  - dialect
- name: github.com/lib/pq
  version: 4dd446efc17690bc53e154025146f73203b18309
  subpackages:
  - oid
- name: github.com/serenize/snaker
  version: 8824b61eca66d308fcb2d515287d3d7a28dba8d6
- name: gopkg.in/alecthomas/kingpin.v2
  version: 92b2733684bc5f1971162349ce098fe0d070e2a9
- name: gopkg.in/flosch/pongo2.v3
  version: 5e81b817a0c48c1c57cdf1a9056cf76bdee02ca9
devImports: []
